
Microsoft Visual Studio Solution File, Format Version 12.00
# Visual Studio Version 16
VisualStudioVersion = 16.0.31005.135
MinimumVisualStudioVersion = 10.0.40219.1
Project("{FAE04EC0-301F-11D3-BF4B-00C04F79EFBC}") = "Ejercicio1", "Ejercicio1\Ejercicio1.csproj", "{7B367361-92D2-46F7-8A67-E3785F7080B7}"
EndProject
Global
	GlobalSection(SolutionConfigurationPlatforms) = preSolution
		Debug|Any CPU = Debug|Any CPU
		Release|Any CPU = Release|Any CPU
	EndGlobalSection
	GlobalSection(ProjectConfigurationPlatforms) = postSolution
		{7B367361-92D2-46F7-8A67-E3785F7080B7}.Debug|Any CPU.ActiveCfg = Debug|Any CPU
		{7B367361-92D2-46F7-8A67-E3785F7080B7}.Debug|Any CPU.Build.0 = Debug|Any CPU
		{7B367361-92D2-46F7-8A67-E3785F7080B7}.Release|Any CPU.ActiveCfg = Release|Any CPU
		{7B367361-92D2-46F7-8A67-E3785F7080B7}.Release|Any CPU.Build.0 = Release|Any CPU
	EndGlobalSection
	GlobalSection(SolutionProperties) = preSolution
		HideSolutionNode = FALSE
	EndGlobalSection
	GlobalSection(ExtensibilityGlobals) = postSolution
		SolutionGuid = {C1213A57-97DB-4181-80CB-9B1EFFFC09E0}
	EndGlobalSection
EndGlobal
